train_data_dir:
  cmd: python3.6 /data/exp/kostya/ukroASR/gen_data_dir.py /data/exp/kostya/ukroASR/data/raw_data/train.csv
    /data/exp/kostya/ukroASR/data/train
  deps:
  - path: data/raw_data/train.csv
    md5: 68e04539fbaab395253ed87c5dd40d69
  - path: gen_data_dir.py
    md5: 5ec044a51cc683be13f12cb9c87dd592
  outs:
  - path: data/train/segments
    md5: f68ae483f555ef45cbd4c82472dc13c0
  - path: data/train/spk2utt
    md5: b8bcd1c7e92d7fe926dfdbb32c51ab8d
  - path: data/train/text
    md5: 5e4d902fc6bc014a9f70914c2257e46f
  - path: data/train/utt2spk
    md5: a701ff113438365ce403756717350b2a
  - path: data/train/wav.scp
    md5: 2751077d0689e8518dfa3a9d51847dea
dev_data_dir:
  cmd: python3.6 /data/exp/kostya/ukroASR/gen_data_dir.py /data/exp/kostya/ukroASR/data/raw_data/dev.csv
    /data/exp/kostya/ukroASR/data/dev
  deps:
  - path: data/raw_data/dev.csv
    md5: f9f3bc71f965db98dd20aeebccce45b3
  - path: gen_data_dir.py
    md5: 5ec044a51cc683be13f12cb9c87dd592
  outs:
  - path: data/dev/segments
    md5: 9f3f392134cdf6b49ee274044261824c
  - path: data/dev/spk2utt
    md5: 069e7f8a925f31b71a874f7d374d2f57
  - path: data/dev/text
    md5: 2acbe3dbcd7895cb80447274b7484a6b
  - path: data/dev/utt2spk
    md5: 3535e75a7322de8450e71aa14f28a158
  - path: data/dev/wav.scp
    md5: 6a88ea8a754b539f796205c5b62b5b40
local_dict:
  cmd: /data/exp/kostya/ukroASR/prepare_dict.sh --nj 8 /data/exp/kostya/ukroASR/data/local/dict
    /data/exp/kostya/ukroASR/data/train/text
  deps:
  - path: artifacts/lexicon.txt
    md5: 090ee18d9b43fb3b3716646654fd3beb
  - path: data/train/text
    md5: 5e4d902fc6bc014a9f70914c2257e46f
  outs:
  - path: data/local/dict/lexicon.txt
    md5: 92b0e99850b65bbd774bd586aafa6d87
  - path: data/local/dict/vocab
    md5: b7938ac8bb553c4c22d4804080bf0ff7
lang_dir:
  cmd: cd $KALDI_ROOT/egs/wsj/s5; . ./path.sh; . ./cmd.sh; utils/prepare_lang.sh --position-dependent-phones
    false /data/exp/kostya/ukroASR/data/local/dict '<UNK>' /data/exp/kostya/ukroASR/data/local/lang
    /data/exp/kostya/ukroASR/data/lang
  deps:
  - path: data/local/dict/extra_questions.txt
    md5: d41d8cd98f00b204e9800998ecf8427e
  - path: data/local/dict/lexicon.txt
    md5: 92b0e99850b65bbd774bd586aafa6d87
  - path: data/local/dict/nonsilence_phones.txt
    md5: 50134f865090d60f6b28d872683bd766
  - path: data/local/dict/optional_silence.txt
    md5: afb1c6c9240586b23a567660a6a3e0b3
  - path: data/local/dict/silence_phones.txt
    md5: e1c58dfa6a41e9fa4603ad847099be6a
  outs:
  - path: data/lang/L.fst
    md5: f95501f91c6c35d4c2f06eee3b32cc1c
  - path: data/lang/L_disambig.fst
    md5: 3849535328db611b7a59d1844133020f
  - path: data/lang/oov.int
    md5: 48a24b70a0b376535542b996af517398
  - path: data/lang/oov.txt
    md5: e28d9943584fdf57bd1a59c8f8ac6085
  - path: data/lang/phones
    md5: 5369449373939b703246b6c4b4331d93.dir
  - path: data/lang/phones.txt
    md5: b28d7e277c321c49c508cba5608c7ec5
  - path: data/lang/topo
    md5: 2693e4022d2bd44d746a59aab2e6d6f3
  - path: data/lang/words.txt
    md5: 6af76c14115bc153fa1f5ddfa9afca74
  - path: data/local/dict/lexiconp.txt
    md5: d75ee9d781749579bfecf116d56f14bc
lm_ukr:
  cmd: cut -d' ' -f2- /data/exp/kostya/ukroASR/data/train/text | ngram-count -text
    - -order 3 -prune 1e-7 -gt1min 1 -gt2min 1 -lm - | gzip -c > /data/exp/kostya/ukroASR/data/lm_ukr.gz
  deps:
  - path: data/train/text
    md5: 5e4d902fc6bc014a9f70914c2257e46f
  outs:
  - path: data/lm_ukr.gz
    md5: 151cc06bdc00ed0c88ddaf902b2c4e1e
lm_metrics:
  cmd: "echo {\\'LM perplexity\\': 2556.659} > /data/exp/kostya/ukroASR/exp/metrics/lm.json"
  deps:
  - path: data/dev/text
    md5: 2acbe3dbcd7895cb80447274b7484a6b
  - path: data/lm_ukr.gz
    md5: 151cc06bdc00ed0c88ddaf902b2c4e1e
  outs:
  - path: exp/metrics/lm.json
    md5: a327c7c4b813448ec0f98aafcb77d2ae
lang_fst:
  cmd: cd $KALDI_ROOT/egs/wsj/s5; . ./path.sh; . ./cmd.sh; utils/format_lm.sh /data/exp/kostya/ukroASR/data/lang
    /data/exp/kostya/ukroASR/data/lm_ukr.gz /data/exp/kostya/ukroASR/data/local/dict/lexicon.txt
    /data/exp/kostya/ukroASR/data/lang
  deps:
  - path: data/lang/words.txt
    md5: 6af76c14115bc153fa1f5ddfa9afca74
  - path: data/lm_ukr.gz
    md5: 151cc06bdc00ed0c88ddaf902b2c4e1e
  - path: data/local/dict/lexicon.txt
    md5: 92b0e99850b65bbd774bd586aafa6d87
  outs:
  - path: data/lang/G.fst
    md5: 15494681f5b80681a360ebb61af2b9ce
mfcc_train:
  cmd: python3.6 /data/exp/kostya/ukroASR/features/make_mfcc.py /data/exp/kostya/ukroASR/data/train
    /data/exp/kostya/ukroASR/exp/log/mfcc /data/exp/kostya/ukroASR/exp/train_mfcc
  deps:
  - path: data/train/segments
    md5: f68ae483f555ef45cbd4c82472dc13c0
  - path: data/train/utt2spk
    md5: a701ff113438365ce403756717350b2a
  - path: data/train/wav.scp
    md5: 2751077d0689e8518dfa3a9d51847dea
  outs:
  - path: data/train/feats.scp
    md5: ac85872cd2cd96102850c7673be4e923
  - path: exp/train_mfcc
    md5: 92ce80d950c32398fcff65607839fd69.dir
mfcc_dev:
  cmd: python3.6 /data/exp/kostya/ukroASR/features/make_mfcc.py /data/exp/kostya/ukroASR/data/dev
    /data/exp/kostya/ukroASR/exp/log/mfcc /data/exp/kostya/ukroASR/exp/dev_mfcc
  deps:
  - path: data/dev/segments
    md5: 9f3f392134cdf6b49ee274044261824c
  - path: data/dev/utt2spk
    md5: 3535e75a7322de8450e71aa14f28a158
  - path: data/dev/wav.scp
    md5: 6a88ea8a754b539f796205c5b62b5b40
  outs:
  - path: data/dev/feats.scp
    md5: 76500884e82cb60e32271e57c895cedf
  - path: exp/dev_mfcc
    md5: 480f7c4c4f43824b39c23be149e5f238.dir
cmvn_train:
  cmd: python3.6 /data/exp/kostya/ukroASR/features/compute_cmvn_stats.py /data/exp/kostya/ukroASR/data/train
    /data/exp/kostya/ukroASR/exp/log/cmvn /data/exp/kostya/ukroASR/exp/train_cmvn
  deps:
  - path: data/train/feats.scp
    md5: ac85872cd2cd96102850c7673be4e923
  - path: data/train/utt2spk
    md5: a701ff113438365ce403756717350b2a
  outs:
  - path: data/train/cmvn.scp
    md5: 640224e35064655593fb7f24e807fa4c
  - path: exp/train_cmvn
    md5: 032498d7bf052da625987ece6231e11c.dir
cmvn_dev:
  cmd: python3.6 /data/exp/kostya/ukroASR/features/compute_cmvn_stats.py /data/exp/kostya/ukroASR/data/dev
    /data/exp/kostya/ukroASR/exp/log/cmvn /data/exp/kostya/ukroASR/exp/dev_cmvn
  deps:
  - path: data/dev/feats.scp
    md5: 76500884e82cb60e32271e57c895cedf
  - path: data/dev/utt2spk
    md5: 3535e75a7322de8450e71aa14f28a158
  outs:
  - path: data/dev/cmvn.scp
    md5: 0e5b20ac9167931c8ac1b447bfa8a403
  - path: exp/dev_cmvn
    md5: 144ce344fd5446a399c55677bf375f77.dir
train_2kshort_data:
  cmd: cd $KALDI_ROOT/egs/wsj/s5; . ./path.sh; . ./cmd.sh; utils/subset_data_dir.sh
    --shortest /data/exp/kostya/ukroASR/data/train 2000 /data/exp/kostya/ukroASR/data/train_2kshort
  deps:
  - path: data/train/cmvn.scp
    md5: 640224e35064655593fb7f24e807fa4c
  - path: data/train/feats.scp
    md5: ac85872cd2cd96102850c7673be4e923
  - path: data/train/segments
    md5: f68ae483f555ef45cbd4c82472dc13c0
  - path: data/train/spk2utt
    md5: b8bcd1c7e92d7fe926dfdbb32c51ab8d
  - path: data/train/text
    md5: 5e4d902fc6bc014a9f70914c2257e46f
  - path: data/train/utt2spk
    md5: a701ff113438365ce403756717350b2a
  - path: data/train/wav.scp
    md5: 2751077d0689e8518dfa3a9d51847dea
  outs:
  - path: data/train_2kshort/cmvn.scp
    md5: 640224e35064655593fb7f24e807fa4c
  - path: data/train_2kshort/feats.scp
    md5: fde9288f9868d1e460469b9c2c70ec5e
  - path: data/train_2kshort/segments
    md5: 12f078b09e5788a879937cd62b93ee04
  - path: data/train_2kshort/spk2utt
    md5: d2ef1100bcf862a11e85ca7cb7c368fe
  - path: data/train_2kshort/text
    md5: caab7e6d4f8529e010222dc5a1adaf3b
  - path: data/train_2kshort/utt2spk
    md5: 829f57c6ff2189d713d2630bfa4508d2
  - path: data/train_2kshort/wav.scp
    md5: f53cdedc094ccaf473b9adeb2efeb32c
train_5k_data:
  cmd: cd $KALDI_ROOT/egs/wsj/s5; . ./path.sh; . ./cmd.sh; utils/subset_data_dir.sh
    /data/exp/kostya/ukroASR/data/train 5000 /data/exp/kostya/ukroASR/data/train_5k
  deps:
  - path: data/train/cmvn.scp
    md5: 640224e35064655593fb7f24e807fa4c
  - path: data/train/feats.scp
    md5: ac85872cd2cd96102850c7673be4e923
  - path: data/train/segments
    md5: f68ae483f555ef45cbd4c82472dc13c0
  - path: data/train/spk2utt
    md5: b8bcd1c7e92d7fe926dfdbb32c51ab8d
  - path: data/train/text
    md5: 5e4d902fc6bc014a9f70914c2257e46f
  - path: data/train/utt2spk
    md5: a701ff113438365ce403756717350b2a
  - path: data/train/wav.scp
    md5: 2751077d0689e8518dfa3a9d51847dea
  outs:
  - path: data/train_5k/cmvn.scp
    md5: 640224e35064655593fb7f24e807fa4c
  - path: data/train_5k/feats.scp
    md5: bd79ab8f451e00b93af8d8a809dfdcee
  - path: data/train_5k/segments
    md5: e6e63c1be8390aa10efbb299c0c5a326
  - path: data/train_5k/spk2utt
    md5: 61b34b6c79ad19db035e386ab917dfb1
  - path: data/train_5k/text
    md5: 2bb0e37bfa7b9a36f5fe9615d2daeed9
  - path: data/train_5k/utt2spk
    md5: ef0b97ca272b7fbed423bcb26fa3ef05
  - path: data/train_5k/wav.scp
    md5: 2751077d0689e8518dfa3a9d51847dea
dev_075kshort_data:
  cmd: cd $KALDI_ROOT/egs/wsj/s5; . ./path.sh; . ./cmd.sh; utils/subset_data_dir.sh
    --shortest /data/exp/kostya/ukroASR/data/dev 750 /data/exp/kostya/ukroASR/data/dev_0.75kshort
  deps:
  - path: data/dev/cmvn.scp
    md5: 0e5b20ac9167931c8ac1b447bfa8a403
  - path: data/dev/feats.scp
    md5: 76500884e82cb60e32271e57c895cedf
  - path: data/dev/segments
    md5: 9f3f392134cdf6b49ee274044261824c
  - path: data/dev/spk2utt
    md5: 069e7f8a925f31b71a874f7d374d2f57
  - path: data/dev/text
    md5: 2acbe3dbcd7895cb80447274b7484a6b
  - path: data/dev/utt2spk
    md5: 3535e75a7322de8450e71aa14f28a158
  - path: data/dev/wav.scp
    md5: 6a88ea8a754b539f796205c5b62b5b40
  outs:
  - path: data/dev_0.75kshort/cmvn.scp
    md5: 0e5b20ac9167931c8ac1b447bfa8a403
  - path: data/dev_0.75kshort/feats.scp
    md5: f1e8c959b330d7272a0dbc33a3a0cbc4
  - path: data/dev_0.75kshort/segments
    md5: ccb3ed2e227c79d0e462f055f9f4f1e7
  - path: data/dev_0.75kshort/spk2utt
    md5: 70fd74011816ceadcf7bd787c026ebbc
  - path: data/dev_0.75kshort/text
    md5: 9c138a3cd596723b44fc8c6f0f987d85
  - path: data/dev_0.75kshort/utt2spk
    md5: 8ef11c362c02133f7815d7d4e4de452e
  - path: data/dev_0.75kshort/wav.scp
    md5: 6a88ea8a754b539f796205c5b62b5b40
dev_015k_data:
  cmd: cd $KALDI_ROOT/egs/wsj/s5; . ./path.sh; . ./cmd.sh; utils/subset_data_dir.sh
    /data/exp/kostya/ukroASR/data/dev_0.75kshort 150 /data/exp/kostya/ukroASR/data/dev_0.15k
  deps:
  - path: data/dev_0.75kshort/cmvn.scp
    md5: 0e5b20ac9167931c8ac1b447bfa8a403
  - path: data/dev_0.75kshort/feats.scp
    md5: f1e8c959b330d7272a0dbc33a3a0cbc4
  - path: data/dev_0.75kshort/segments
    md5: ccb3ed2e227c79d0e462f055f9f4f1e7
  - path: data/dev_0.75kshort/spk2utt
    md5: 70fd74011816ceadcf7bd787c026ebbc
  - path: data/dev_0.75kshort/text
    md5: 9c138a3cd596723b44fc8c6f0f987d85
  - path: data/dev_0.75kshort/utt2spk
    md5: 8ef11c362c02133f7815d7d4e4de452e
  - path: data/dev_0.75kshort/wav.scp
    md5: 6a88ea8a754b539f796205c5b62b5b40
  outs:
  - path: data/dev_0.15k/cmvn.scp
    md5: 0e5b20ac9167931c8ac1b447bfa8a403
  - path: data/dev_0.15k/feats.scp
    md5: c766137ca2953725bf433cb2edf30c2d
  - path: data/dev_0.15k/segments
    md5: 3b261374e5b4185c06d8cc07a2afabb9
  - path: data/dev_0.15k/spk2utt
    md5: 39f4868b77d28d966038be7e56cd92d7
  - path: data/dev_0.15k/text
    md5: 05b62ad5183e79b4479b450531d291da
  - path: data/dev_0.15k/utt2spk
    md5: a7c154e64bf978e1c1e927fa4bfe6fa0
  - path: data/dev_0.15k/wav.scp
    md5: 6a88ea8a754b539f796205c5b62b5b40
mono:
  cmd: cd $KALDI_ROOT/egs/wsj/s5; . ./path.sh; . ./cmd.sh; steps/train_mono.sh --boost-silence
    1.25 --nj 8 /data/exp/kostya/ukroASR/data/train_2kshort /data/exp/kostya/ukroASR/data/lang
    /data/exp/kostya/ukroASR/exp/mono
  deps:
  - path: data/lang/L.fst
    md5: f95501f91c6c35d4c2f06eee3b32cc1c
  - path: data/lang/phones
    md5: 5369449373939b703246b6c4b4331d93.dir
  - path: data/lang/phones.txt
    md5: b28d7e277c321c49c508cba5608c7ec5
  - path: data/lang/topo
    md5: 2693e4022d2bd44d746a59aab2e6d6f3
  - path: data/lang/words.txt
    md5: 6af76c14115bc153fa1f5ddfa9afca74
  - path: data/train_2kshort/cmvn.scp
    md5: 640224e35064655593fb7f24e807fa4c
  - path: data/train_2kshort/feats.scp
    md5: fde9288f9868d1e460469b9c2c70ec5e
  - path: data/train_2kshort/text
    md5: caab7e6d4f8529e010222dc5a1adaf3b
  - path: data/train_2kshort/utt2spk
    md5: 829f57c6ff2189d713d2630bfa4508d2
  outs:
  - path: exp/mono/final.mdl
    md5: ef8fbb91cc9df1a6411a5211402c39de
  - path: exp/mono/phones.txt
    md5: b28d7e277c321c49c508cba5608c7ec5
  - path: exp/mono/tree
    md5: 6fe676939f4f5face3387f4dd329467f
mono_graph:
  cmd: cd $KALDI_ROOT/egs/wsj/s5; . ./path.sh; . ./cmd.sh; utils/mkgraph.sh /data/exp/kostya/ukroASR/data/lang
    /data/exp/kostya/ukroASR/exp/mono /data/exp/kostya/ukroASR/exp/mono/graph
  deps:
  - path: data/lang/G.fst
    md5: 15494681f5b80681a360ebb61af2b9ce
  - path: data/lang/L.fst
    md5: f95501f91c6c35d4c2f06eee3b32cc1c
  - path: data/lang/phones
    md5: 5369449373939b703246b6c4b4331d93.dir
  - path: data/lang/phones.txt
    md5: b28d7e277c321c49c508cba5608c7ec5
  - path: data/lang/words.txt
    md5: 6af76c14115bc153fa1f5ddfa9afca74
  - path: exp/mono/final.mdl
    md5: ef8fbb91cc9df1a6411a5211402c39de
  - path: exp/mono/tree
    md5: 6fe676939f4f5face3387f4dd329467f
  outs:
  - path: exp/mono/graph/HCLG.fst
    md5: a658afe1e9fc217f0d8dcafb155028ce
  - path: exp/mono/graph/words.txt
    md5: 6af76c14115bc153fa1f5ddfa9afca74
mono_metrics:
  cmd: cd $KALDI_ROOT/egs/wsj/s5; . ./path.sh; . ./cmd.sh; steps/decode.sh --nj 4
    /data/exp/kostya/ukroASR/exp/mono/graph /data/exp/kostya/ukroASR/data/dev_0.15k
    /data/exp/kostya/ukroASR/exp/mono/decode_dev_0.15k; /data/exp/kostya/ukroASR/parce_wer_report.sh
    /data/exp/kostya/ukroASR/exp/mono/decode_dev_0.15k/scoring_kaldi/best_wer /data/exp/kostya/ukroASR/exp/metrics/mono.json
  deps:
  - path: data/dev_0.15k/cmvn.scp
    md5: 0e5b20ac9167931c8ac1b447bfa8a403
  - path: data/dev_0.15k/feats.scp
    md5: c766137ca2953725bf433cb2edf30c2d
  - path: data/dev_0.15k/utt2spk
    md5: a7c154e64bf978e1c1e927fa4bfe6fa0
  - path: data/lang/words.txt
    md5: 6af76c14115bc153fa1f5ddfa9afca74
  - path: exp/mono/final.mdl
    md5: ef8fbb91cc9df1a6411a5211402c39de
  - path: exp/mono/graph/HCLG.fst
    md5: a658afe1e9fc217f0d8dcafb155028ce
  outs:
  - path: exp/metrics/mono.json
    md5: 9a6265ebb974dd33ce155e6b9f76c032
mono_ali:
  cmd: cd $KALDI_ROOT/egs/wsj/s5; . ./path.sh; . ./cmd.sh; steps/align_si.sh --boost-silence
    1.25 --nj 8 /data/exp/kostya/ukroASR/data/train_5k /data/exp/kostya/ukroASR/data/lang
    /data/exp/kostya/ukroASR/exp/mono /data/exp/kostya/ukroASR/exp/mono_train_5k_ali
  deps:
  - path: data/lang/L.fst
    md5: f95501f91c6c35d4c2f06eee3b32cc1c
  - path: data/lang/oov.int
    md5: 48a24b70a0b376535542b996af517398
  - path: data/lang/phones
    md5: 5369449373939b703246b6c4b4331d93.dir
  - path: data/lang/phones.txt
    md5: b28d7e277c321c49c508cba5608c7ec5
  - path: data/lang/words.txt
    md5: 6af76c14115bc153fa1f5ddfa9afca74
  - path: data/train_5k/cmvn.scp
    md5: 640224e35064655593fb7f24e807fa4c
  - path: data/train_5k/feats.scp
    md5: bd79ab8f451e00b93af8d8a809dfdcee
  - path: data/train_5k/text
    md5: 2bb0e37bfa7b9a36f5fe9615d2daeed9
  - path: data/train_5k/utt2spk
    md5: ef0b97ca272b7fbed423bcb26fa3ef05
  - path: exp/mono/final.mdl
    md5: ef8fbb91cc9df1a6411a5211402c39de
  - path: exp/mono/tree
    md5: 6fe676939f4f5face3387f4dd329467f
  outs:
  - path: exp/mono_train_5k_ali/ali.1.gz
    md5: aa9085850e41421b80e91f3d8bd61e59
  - path: exp/mono_train_5k_ali/ali.2.gz
    md5: f792b6ba06f4c0d98d3013a89b0dfda0
  - path: exp/mono_train_5k_ali/ali.3.gz
    md5: 0e39a9839c56c25c7293b9bb7d622bce
  - path: exp/mono_train_5k_ali/ali.4.gz
    md5: 07d9c2f99c68fc7fb4ab7866c3afc792
  - path: exp/mono_train_5k_ali/ali.5.gz
    md5: 2d19316e0e65c18ad94c283043e2f369
  - path: exp/mono_train_5k_ali/ali.6.gz
    md5: 3bedcd34ce2e10ef820b55d85fb6f3ef
  - path: exp/mono_train_5k_ali/ali.7.gz
    md5: 2b75ee0f4b5ce108400959faad76e851
  - path: exp/mono_train_5k_ali/ali.8.gz
    md5: d06222adac66b6b8b38a81d2a9cb462f
tri1:
  cmd: cd $KALDI_ROOT/egs/wsj/s5; . ./path.sh; . ./cmd.sh; steps/train_deltas.sh --boost-silence
    1.25 2000 10000 /data/exp/kostya/ukroASR/data/train_5k /data/exp/kostya/ukroASR/data/lang
    /data/exp/kostya/ukroASR/exp/mono_train_5k_ali /data/exp/kostya/ukroASR/exp/tri1;
    cp /data/exp/kostya/ukroASR/exp/tri1/final.mdl /data/exp/kostya/ukroASR/exp/tri1/final.mdl_copy;
    mv /data/exp/kostya/ukroASR/exp/tri1/final.mdl_copy /data/exp/kostya/ukroASR/exp/tri1/final.mdl
  deps:
  - path: data/lang/L.fst
    md5: f95501f91c6c35d4c2f06eee3b32cc1c
  - path: data/lang/phones
    md5: 5369449373939b703246b6c4b4331d93.dir
  - path: data/lang/phones.txt
    md5: b28d7e277c321c49c508cba5608c7ec5
  - path: data/lang/topo
    md5: 2693e4022d2bd44d746a59aab2e6d6f3
  - path: data/lang/words.txt
    md5: 6af76c14115bc153fa1f5ddfa9afca74
  - path: data/train_5k/cmvn.scp
    md5: 640224e35064655593fb7f24e807fa4c
  - path: data/train_5k/feats.scp
    md5: bd79ab8f451e00b93af8d8a809dfdcee
  - path: data/train_5k/utt2spk
    md5: ef0b97ca272b7fbed423bcb26fa3ef05
  - path: exp/mono_train_5k_ali/ali.1.gz
    md5: aa9085850e41421b80e91f3d8bd61e59
  - path: exp/mono_train_5k_ali/ali.2.gz
    md5: f792b6ba06f4c0d98d3013a89b0dfda0
  - path: exp/mono_train_5k_ali/ali.3.gz
    md5: 0e39a9839c56c25c7293b9bb7d622bce
  - path: exp/mono_train_5k_ali/ali.4.gz
    md5: 07d9c2f99c68fc7fb4ab7866c3afc792
  - path: exp/mono_train_5k_ali/ali.5.gz
    md5: 2d19316e0e65c18ad94c283043e2f369
  - path: exp/mono_train_5k_ali/ali.6.gz
    md5: 3bedcd34ce2e10ef820b55d85fb6f3ef
  - path: exp/mono_train_5k_ali/ali.7.gz
    md5: 2b75ee0f4b5ce108400959faad76e851
  - path: exp/mono_train_5k_ali/ali.8.gz
    md5: d06222adac66b6b8b38a81d2a9cb462f
  outs:
  - path: exp/tri1/final.mdl
    md5: a1edbbb6b12193e979520a6000fe4a2d
  - path: exp/tri1/phones.txt
    md5: b28d7e277c321c49c508cba5608c7ec5
  - path: exp/tri1/tree
    md5: 32d4812b082daf4a008cca926bf9573e
tri1_graph:
  cmd: cd $KALDI_ROOT/egs/wsj/s5; . ./path.sh; . ./cmd.sh; utils/mkgraph.sh /data/exp/kostya/ukroASR/data/lang
    /data/exp/kostya/ukroASR/exp/tri1 /data/exp/kostya/ukroASR/exp/tri1/graph
  deps:
  - path: data/lang/G.fst
    md5: 15494681f5b80681a360ebb61af2b9ce
  - path: data/lang/L.fst
    md5: f95501f91c6c35d4c2f06eee3b32cc1c
  - path: data/lang/phones
    md5: 5369449373939b703246b6c4b4331d93.dir
  - path: data/lang/phones.txt
    md5: b28d7e277c321c49c508cba5608c7ec5
  - path: data/lang/words.txt
    md5: 6af76c14115bc153fa1f5ddfa9afca74
  - path: exp/tri1/final.mdl
    md5: a1edbbb6b12193e979520a6000fe4a2d
  - path: exp/tri1/tree
    md5: 32d4812b082daf4a008cca926bf9573e
  outs:
  - path: exp/tri1/graph/HCLG.fst
    md5: ddafc2e0756eb5397129ff2f858bddff
  - path: exp/tri1/graph/words.txt
    md5: 6af76c14115bc153fa1f5ddfa9afca74
tri1_metrics:
  cmd: cd $KALDI_ROOT/egs/wsj/s5; . ./path.sh; . ./cmd.sh; steps/decode.sh --nj 4
    /data/exp/kostya/ukroASR/exp/tri1/graph /data/exp/kostya/ukroASR/data/dev_0.15k
    /data/exp/kostya/ukroASR/exp/tri1/decode_dev_0.15k; /data/exp/kostya/ukroASR/parce_wer_report.sh
    /data/exp/kostya/ukroASR/exp/tri1/decode_dev_0.15k/scoring_kaldi/best_wer /data/exp/kostya/ukroASR/exp/metrics/tri1.json
  deps:
  - path: data/dev_0.15k/cmvn.scp
    md5: 0e5b20ac9167931c8ac1b447bfa8a403
  - path: data/dev_0.15k/feats.scp
    md5: c766137ca2953725bf433cb2edf30c2d
  - path: data/dev_0.15k/utt2spk
    md5: a7c154e64bf978e1c1e927fa4bfe6fa0
  - path: data/lang/words.txt
    md5: 6af76c14115bc153fa1f5ddfa9afca74
  - path: exp/tri1/final.mdl
    md5: a1edbbb6b12193e979520a6000fe4a2d
  - path: exp/tri1/graph/HCLG.fst
    md5: ddafc2e0756eb5397129ff2f858bddff
  outs:
  - path: exp/metrics/tri1.json
    md5: 3487fcc6995713f96ce6cb8cd76d3115
tri_ali:
  cmd: cd $KALDI_ROOT/egs/wsj/s5; . ./path.sh; . ./cmd.sh; steps/align_si.sh --nj
    8 /data/exp/kostya/ukroASR/data/train /data/exp/kostya/ukroASR/data/lang /data/exp/kostya/ukroASR/exp/tri1
    /data/exp/kostya/ukroASR/exp/tri1_train_ali
  deps:
  - path: data/lang/L.fst
    md5: f95501f91c6c35d4c2f06eee3b32cc1c
  - path: data/lang/oov.int
    md5: 48a24b70a0b376535542b996af517398
  - path: data/lang/phones
    md5: 5369449373939b703246b6c4b4331d93.dir
  - path: data/lang/phones.txt
    md5: b28d7e277c321c49c508cba5608c7ec5
  - path: data/lang/words.txt
    md5: 6af76c14115bc153fa1f5ddfa9afca74
  - path: data/train/cmvn.scp
    md5: 640224e35064655593fb7f24e807fa4c
  - path: data/train/feats.scp
    md5: ac85872cd2cd96102850c7673be4e923
  - path: data/train/text
    md5: 5e4d902fc6bc014a9f70914c2257e46f
  - path: data/train/utt2spk
    md5: a701ff113438365ce403756717350b2a
  - path: exp/tri1/final.mdl
    md5: a1edbbb6b12193e979520a6000fe4a2d
  - path: exp/tri1/tree
    md5: 32d4812b082daf4a008cca926bf9573e
  outs:
  - path: exp/tri1_train_ali/ali.1.gz
    md5: ae95b1f7f2a610b1c2f2b72de03ca1ef
  - path: exp/tri1_train_ali/ali.2.gz
    md5: d0a744aea8a1e5e5ff71eaceaae915f9
  - path: exp/tri1_train_ali/ali.3.gz
    md5: d73fdb8850ab60504fbe9509b27f4aa4
  - path: exp/tri1_train_ali/ali.4.gz
    md5: 42748a24aaf23a2dad1425ddc8f8bc1f
  - path: exp/tri1_train_ali/ali.5.gz
    md5: ad505b77e61e58ca9990bae6584e5bff
  - path: exp/tri1_train_ali/ali.6.gz
    md5: a83b307ee7819ca6eac19631d3308774
  - path: exp/tri1_train_ali/ali.7.gz
    md5: fd87ffbe4d9cb48c619c60253a168a77
  - path: exp/tri1_train_ali/ali.8.gz
    md5: 0d3d9b3314c44f8d61b84d9e44d3693f
tri2b:
  cmd: cd $KALDI_ROOT/egs/wsj/s5; . ./path.sh; . ./cmd.sh; steps/train_lda_mllt.sh
    --splice-opts "--left-context=3 --right-context=3" 2500 15000 /data/exp/kostya/ukroASR/data/train
    /data/exp/kostya/ukroASR/data/lang /data/exp/kostya/ukroASR/exp/tri1_train_ali
    /data/exp/kostya/ukroASR/exp/tri2b; cp /data/exp/kostya/ukroASR/exp/tri2b/final.mdl
    /data/exp/kostya/ukroASR/exp/tri2b/final.mdl_copy; mv /data/exp/kostya/ukroASR/exp/tri2b/final.mdl_copy
    /data/exp/kostya/ukroASR/exp/tri2b/final.mdl; cp /data/exp/kostya/ukroASR/exp/tri2b/final.mat
    /data/exp/kostya/ukroASR/exp/tri2b/final.mat_copy; mv /data/exp/kostya/ukroASR/exp/tri2b/final.mat_copy
    /data/exp/kostya/ukroASR/exp/tri2b/final.mat
  deps:
  - path: data/lang/L.fst
    md5: f95501f91c6c35d4c2f06eee3b32cc1c
  - path: data/lang/phones
    md5: 5369449373939b703246b6c4b4331d93.dir
  - path: data/lang/phones.txt
    md5: b28d7e277c321c49c508cba5608c7ec5
  - path: data/lang/topo
    md5: 2693e4022d2bd44d746a59aab2e6d6f3
  - path: data/lang/words.txt
    md5: 6af76c14115bc153fa1f5ddfa9afca74
  - path: data/train/cmvn.scp
    md5: 640224e35064655593fb7f24e807fa4c
  - path: data/train/feats.scp
    md5: ac85872cd2cd96102850c7673be4e923
  - path: data/train/utt2spk
    md5: a701ff113438365ce403756717350b2a
  - path: exp/tri1_train_ali/ali.1.gz
    md5: ae95b1f7f2a610b1c2f2b72de03ca1ef
  - path: exp/tri1_train_ali/ali.2.gz
    md5: d0a744aea8a1e5e5ff71eaceaae915f9
  - path: exp/tri1_train_ali/ali.3.gz
    md5: d73fdb8850ab60504fbe9509b27f4aa4
  - path: exp/tri1_train_ali/ali.4.gz
    md5: 42748a24aaf23a2dad1425ddc8f8bc1f
  - path: exp/tri1_train_ali/ali.5.gz
    md5: ad505b77e61e58ca9990bae6584e5bff
  - path: exp/tri1_train_ali/ali.6.gz
    md5: a83b307ee7819ca6eac19631d3308774
  - path: exp/tri1_train_ali/ali.7.gz
    md5: fd87ffbe4d9cb48c619c60253a168a77
  - path: exp/tri1_train_ali/ali.8.gz
    md5: 0d3d9b3314c44f8d61b84d9e44d3693f
  outs:
  - path: exp/tri2b/final.mat
    md5: 21fc1eb93ea1c2b172a6560e3f9228cb
  - path: exp/tri2b/final.mdl
    md5: c6610ad2547ec322aba5e280ddc63802
  - path: exp/tri2b/phones.txt
    md5: b28d7e277c321c49c508cba5608c7ec5
  - path: exp/tri2b/tree
    md5: ea7ee9fef2f9a35dc30e2bf71bea769b
tri2b_graph:
  cmd: cd $KALDI_ROOT/egs/wsj/s5; . ./path.sh; . ./cmd.sh; utils/mkgraph.sh /data/exp/kostya/ukroASR/data/lang
    /data/exp/kostya/ukroASR/exp/tri2b /data/exp/kostya/ukroASR/exp/tri2b/graph
  deps:
  - path: data/lang/G.fst
    md5: 15494681f5b80681a360ebb61af2b9ce
  - path: data/lang/L.fst
    md5: f95501f91c6c35d4c2f06eee3b32cc1c
  - path: data/lang/phones
    md5: 5369449373939b703246b6c4b4331d93.dir
  - path: data/lang/phones.txt
    md5: b28d7e277c321c49c508cba5608c7ec5
  - path: data/lang/words.txt
    md5: 6af76c14115bc153fa1f5ddfa9afca74
  - path: exp/tri2b/final.mdl
    md5: c6610ad2547ec322aba5e280ddc63802
  - path: exp/tri2b/tree
    md5: ea7ee9fef2f9a35dc30e2bf71bea769b
  outs:
  - path: exp/tri2b/graph/HCLG.fst
    md5: 906c4673320843424ee159018f12b192
  - path: exp/tri2b/graph/words.txt
    md5: 6af76c14115bc153fa1f5ddfa9afca74
tri2b_metrics:
  cmd: cd $KALDI_ROOT/egs/wsj/s5; . ./path.sh; . ./cmd.sh; steps/decode.sh --nj 4
    /data/exp/kostya/ukroASR/exp/tri2b/graph /data/exp/kostya/ukroASR/data/dev_0.15k
    /data/exp/kostya/ukroASR/exp/tri2b/decode_dev_0.15k; /data/exp/kostya/ukroASR/parce_wer_report.sh
    /data/exp/kostya/ukroASR/exp/tri2b/decode_dev_0.15k/scoring_kaldi/best_wer /data/exp/kostya/ukroASR/exp/metrics/tri2b.json
  deps:
  - path: data/dev_0.15k/cmvn.scp
    md5: 0e5b20ac9167931c8ac1b447bfa8a403
  - path: data/dev_0.15k/feats.scp
    md5: c766137ca2953725bf433cb2edf30c2d
  - path: data/dev_0.15k/utt2spk
    md5: a7c154e64bf978e1c1e927fa4bfe6fa0
  - path: data/lang/words.txt
    md5: 6af76c14115bc153fa1f5ddfa9afca74
  - path: exp/tri2b/final.mat
    md5: 21fc1eb93ea1c2b172a6560e3f9228cb
  - path: exp/tri2b/final.mdl
    md5: c6610ad2547ec322aba5e280ddc63802
  - path: exp/tri2b/graph/HCLG.fst
    md5: 906c4673320843424ee159018f12b192
  outs:
  - path: exp/metrics/tri2b.json
    md5: 4913a324a2e83e605b7e566b35953d5d
tri2b_ali:
  cmd: cd $KALDI_ROOT/egs/wsj/s5; . ./path.sh; . ./cmd.sh; steps/align_si.sh --nj
    8 /data/exp/kostya/ukroASR/data/train /data/exp/kostya/ukroASR/data/lang /data/exp/kostya/ukroASR/exp/tri2b
    /data/exp/kostya/ukroASR/exp/tri2b_train_ali
  deps:
  - path: data/lang/L.fst
    md5: f95501f91c6c35d4c2f06eee3b32cc1c
  - path: data/lang/oov.int
    md5: 48a24b70a0b376535542b996af517398
  - path: data/lang/phones
    md5: 5369449373939b703246b6c4b4331d93.dir
  - path: data/lang/phones.txt
    md5: b28d7e277c321c49c508cba5608c7ec5
  - path: data/lang/words.txt
    md5: 6af76c14115bc153fa1f5ddfa9afca74
  - path: data/train/cmvn.scp
    md5: 640224e35064655593fb7f24e807fa4c
  - path: data/train/feats.scp
    md5: ac85872cd2cd96102850c7673be4e923
  - path: data/train/text
    md5: 5e4d902fc6bc014a9f70914c2257e46f
  - path: data/train/utt2spk
    md5: a701ff113438365ce403756717350b2a
  - path: exp/tri2b/final.mat
    md5: 21fc1eb93ea1c2b172a6560e3f9228cb
  - path: exp/tri2b/final.mdl
    md5: c6610ad2547ec322aba5e280ddc63802
  - path: exp/tri2b/full.mat
    md5: 7ee1058a4817dade52adf7db1c055bdb
  - path: exp/tri2b/tree
    md5: ea7ee9fef2f9a35dc30e2bf71bea769b
  outs:
  - path: exp/tri2b_train_ali/ali.1.gz
    md5: 72e9bd2b170cbbeeec6c04df0ed34318
  - path: exp/tri2b_train_ali/ali.2.gz
    md5: 6b3f579f48f9ebf55f733ad4d16b44fd
  - path: exp/tri2b_train_ali/ali.3.gz
    md5: c26caac12c49012a0be6465ae38b57ef
  - path: exp/tri2b_train_ali/ali.4.gz
    md5: ee438251e8d310d9823d8700a56333a0
  - path: exp/tri2b_train_ali/ali.5.gz
    md5: 67f43df7542bd23f68f23d23b986bfa4
  - path: exp/tri2b_train_ali/ali.6.gz
    md5: d60fd72b1b190ab7ce24b2fef309e837
  - path: exp/tri2b_train_ali/ali.7.gz
    md5: 850fc9c530edbc993f59e1430051a855
  - path: exp/tri2b_train_ali/ali.8.gz
    md5: 84336bed2140cc0a646e6807e3875b69
tri3b:
  cmd: cd $KALDI_ROOT/egs/wsj/s5; . ./path.sh; . ./cmd.sh; steps/train_sat.sh 2500
    15000 /data/exp/kostya/ukroASR/data/train /data/exp/kostya/ukroASR/data/lang /data/exp/kostya/ukroASR/exp/tri2b_train_ali
    /data/exp/kostya/ukroASR/exp/tri3b; cp /data/exp/kostya/ukroASR/exp/tri3b/final.mdl
    /data/exp/kostya/ukroASR/exp/tri3b/final.mdl_copy; mv /data/exp/kostya/ukroASR/exp/tri3b/final.mdl_copy
    /data/exp/kostya/ukroASR/exp/tri3b/final.mdl; cp /data/exp/kostya/ukroASR/exp/tri3b/final.mat
    /data/exp/kostya/ukroASR/exp/tri3b/final.mat_copy; mv /data/exp/kostya/ukroASR/exp/tri3b/final.mat_copy
    /data/exp/kostya/ukroASR/exp/tri3b/final.mat; cp /data/exp/kostya/ukroASR/exp/tri3b/final.occs
    /data/exp/kostya/ukroASR/exp/tri3b/final.occs_copy; mv /data/exp/kostya/ukroASR/exp/tri3b/final.occs_copy
    /data/exp/kostya/ukroASR/exp/tri3b/final.occs
  deps:
  - path: data/lang/L.fst
    md5: f95501f91c6c35d4c2f06eee3b32cc1c
  - path: data/lang/phones
    md5: 5369449373939b703246b6c4b4331d93.dir
  - path: data/lang/phones.txt
    md5: b28d7e277c321c49c508cba5608c7ec5
  - path: data/lang/topo
    md5: 2693e4022d2bd44d746a59aab2e6d6f3
  - path: data/lang/words.txt
    md5: 6af76c14115bc153fa1f5ddfa9afca74
  - path: data/train/cmvn.scp
    md5: 640224e35064655593fb7f24e807fa4c
  - path: data/train/feats.scp
    md5: ac85872cd2cd96102850c7673be4e923
  - path: data/train/utt2spk
    md5: a701ff113438365ce403756717350b2a
  - path: exp/tri2b_train_ali/ali.1.gz
    md5: 72e9bd2b170cbbeeec6c04df0ed34318
  - path: exp/tri2b_train_ali/ali.2.gz
    md5: 6b3f579f48f9ebf55f733ad4d16b44fd
  - path: exp/tri2b_train_ali/ali.3.gz
    md5: c26caac12c49012a0be6465ae38b57ef
  - path: exp/tri2b_train_ali/ali.4.gz
    md5: ee438251e8d310d9823d8700a56333a0
  - path: exp/tri2b_train_ali/ali.5.gz
    md5: 67f43df7542bd23f68f23d23b986bfa4
  - path: exp/tri2b_train_ali/ali.6.gz
    md5: d60fd72b1b190ab7ce24b2fef309e837
  - path: exp/tri2b_train_ali/ali.7.gz
    md5: 850fc9c530edbc993f59e1430051a855
  - path: exp/tri2b_train_ali/ali.8.gz
    md5: 84336bed2140cc0a646e6807e3875b69
  outs:
  - path: exp/tri3b/final.mat
    md5: 21fc1eb93ea1c2b172a6560e3f9228cb
  - path: exp/tri3b/final.mdl
    md5: 5d311eaf817232b1adb438f33f497ad5
  - path: exp/tri3b/final.occs
    md5: d5d65090723c42eb891dce0b80aacb2d
  - path: exp/tri3b/full.mat
    md5: 7ee1058a4817dade52adf7db1c055bdb
  - path: exp/tri3b/phones.txt
    md5: b28d7e277c321c49c508cba5608c7ec5
  - path: exp/tri3b/tree
    md5: 68460e07af49c94a586981508f1f68d1
tri3b_graph:
  cmd: cd $KALDI_ROOT/egs/wsj/s5; . ./path.sh; . ./cmd.sh; utils/mkgraph.sh /data/exp/kostya/ukroASR/data/lang
    /data/exp/kostya/ukroASR/exp/tri3b /data/exp/kostya/ukroASR/exp/tri3b/graph
  deps:
  - path: data/lang/G.fst
    md5: 15494681f5b80681a360ebb61af2b9ce
  - path: data/lang/L.fst
    md5: f95501f91c6c35d4c2f06eee3b32cc1c
  - path: data/lang/phones
    md5: 5369449373939b703246b6c4b4331d93.dir
  - path: data/lang/phones.txt
    md5: b28d7e277c321c49c508cba5608c7ec5
  - path: data/lang/words.txt
    md5: 6af76c14115bc153fa1f5ddfa9afca74
  - path: exp/tri3b/final.mdl
    md5: 5d311eaf817232b1adb438f33f497ad5
  - path: exp/tri3b/tree
    md5: 68460e07af49c94a586981508f1f68d1
  outs:
  - path: exp/tri3b/graph/HCLG.fst
    md5: 90acf4bc9bc699ad2094fed99c566e02
  - path: exp/tri3b/graph/words.txt
    md5: 6af76c14115bc153fa1f5ddfa9afca74
tri3b_metrics:
  cmd: cd $KALDI_ROOT/egs/wsj/s5; . ./path.sh; . ./cmd.sh; steps/decode_fmllr.sh --nj
    4 /data/exp/kostya/ukroASR/exp/tri3b/graph /data/exp/kostya/ukroASR/data/dev_0.15k
    /data/exp/kostya/ukroASR/exp/tri3b/decode_dev_0.15k; /data/exp/kostya/ukroASR/parce_wer_report.sh
    /data/exp/kostya/ukroASR/exp/tri3b/decode_dev_0.15k/scoring_kaldi/best_wer /data/exp/kostya/ukroASR/exp/metrics/tri3b.json
  deps:
  - path: data/dev_0.15k/cmvn.scp
    md5: 0e5b20ac9167931c8ac1b447bfa8a403
  - path: data/dev_0.15k/feats.scp
    md5: c766137ca2953725bf433cb2edf30c2d
  - path: data/dev_0.15k/utt2spk
    md5: a7c154e64bf978e1c1e927fa4bfe6fa0
  - path: data/lang/phones
    md5: 5369449373939b703246b6c4b4331d93.dir
  - path: data/lang/words.txt
    md5: 6af76c14115bc153fa1f5ddfa9afca74
  - path: exp/tri3b/final.mat
    md5: 21fc1eb93ea1c2b172a6560e3f9228cb
  - path: exp/tri3b/final.mdl
    md5: 5d311eaf817232b1adb438f33f497ad5
  - path: exp/tri3b/graph/HCLG.fst
    md5: 90acf4bc9bc699ad2094fed99c566e02
  - path: exp/tri3b/tree
    md5: 68460e07af49c94a586981508f1f68d1
  outs:
  - path: exp/metrics/tri3b.json
    md5: 85f7a245a753b758f8a175b667b04efb
